// !$*UTF8*$!
{
	archiveVersion = 1;
	classes = {
	};
	objectVersion = 46;
	objects = {

/* Begin PBXBuildFile section */
		2C104D251C4D6BA10097E0AD /* AppDelegate.swift in Sources */ = {isa = PBXBuildFile; fileRef = 2C104D241C4D6BA10097E0AD /* AppDelegate.swift */; };
		2C104D291C4D6BA10097E0AD /* MatchingGameScene.swift in Sources */ = {isa = PBXBuildFile; fileRef = 2C104D281C4D6BA10097E0AD /* MatchingGameScene.swift */; };
		2C104D2B1C4D6BA10097E0AD /* MatchingGameViewController.swift in Sources */ = {isa = PBXBuildFile; fileRef = 2C104D2A1C4D6BA10097E0AD /* MatchingGameViewController.swift */; };
		2C104D2E1C4D6BA10097E0AD /* Main.storyboard in Resources */ = {isa = PBXBuildFile; fileRef = 2C104D2C1C4D6BA10097E0AD /* Main.storyboard */; };
		2C104D301C4D6BA10097E0AD /* Assets.xcassets in Resources */ = {isa = PBXBuildFile; fileRef = 2C104D2F1C4D6BA10097E0AD /* Assets.xcassets */; };
		2C104D331C4D6BA10097E0AD /* LaunchScreen.storyboard in Resources */ = {isa = PBXBuildFile; fileRef = 2C104D311C4D6BA10097E0AD /* LaunchScreen.storyboard */; };
		2C27EDCC1CE672DD00C12B5F /* MenuScene.swift in Sources */ = {isa = PBXBuildFile; fileRef = 2C27EDCB1CE672DD00C12B5F /* MenuScene.swift */; };
		2C401ADC1C6D135100932BC6 /* fail.wav in Resources */ = {isa = PBXBuildFile; fileRef = 2C401ADB1C6D135100932BC6 /* fail.wav */; };
		2C4811DF1C53F458007BD90B /* success.wav in Resources */ = {isa = PBXBuildFile; fileRef = 2C4811DD1C53F458007BD90B /* success.wav */; };
		2C60A5411CB5A86800AE40B4 /* TargetColor.swift in Sources */ = {isa = PBXBuildFile; fileRef = 2C60A5401CB5A86800AE40B4 /* TargetColor.swift */; };
		2C7806D51CE731440072F8A8 /* Textures.swift in Sources */ = {isa = PBXBuildFile; fileRef = 2C7806D41CE731440072F8A8 /* Textures.swift */; };
		2C7806D71CE73C060072F8A8 /* CGSizeExtentions.swift in Sources */ = {isa = PBXBuildFile; fileRef = 2C7806D61CE73C060072F8A8 /* CGSizeExtentions.swift */; };
		2C7806D91CE75A390072F8A8 /* TimeIndicatorNode.swift in Sources */ = {isa = PBXBuildFile; fileRef = 2C7806D81CE75A390072F8A8 /* TimeIndicatorNode.swift */; };
		2C9B9F201CBC27EF0015DDE4 /* CGPointExtentions.swift in Sources */ = {isa = PBXBuildFile; fileRef = 2C9B9F1F1CBC27EF0015DDE4 /* CGPointExtentions.swift */; };
		2C9B9F231CBC28390015DDE4 /* SKColorExtentions.swift in Sources */ = {isa = PBXBuildFile; fileRef = 2C9B9F221CBC28390015DDE4 /* SKColorExtentions.swift */; };
		2CA8E6251C5176200001F2DA /* ScoreManager.swift in Sources */ = {isa = PBXBuildFile; fileRef = 2CA8E6241C5176200001F2DA /* ScoreManager.swift */; };
		2CC6D5F81CBD1AD900857F85 /* TargetShapeNode.swift in Sources */ = {isa = PBXBuildFile; fileRef = 2CC6D5F71CBD1AD900857F85 /* TargetShapeNode.swift */; };
		2CC6D5FA1CBD24FB00857F85 /* SKShapeNodeExtentions.swift in Sources */ = {isa = PBXBuildFile; fileRef = 2CC6D5F91CBD24FB00857F85 /* SKShapeNodeExtentions.swift */; };
		2CD8EDBE1CB7A4F6005B6492 /* TargetShape.swift in Sources */ = {isa = PBXBuildFile; fileRef = 2CD8EDBD1CB7A4F6005B6492 /* TargetShape.swift */; };
		2CF9F5141C503596004B01E5 /* GameKit.framework in Frameworks */ = {isa = PBXBuildFile; fileRef = 2CF9F5131C503596004B01E5 /* GameKit.framework */; };
/* End PBXBuildFile section */

/* Begin PBXFileReference section */
		2C104D211C4D6BA00097E0AD /* Reactions.app */ = {isa = PBXFileReference; explicitFileType = wrapper.application; includeInIndex = 0; path = Reactions.app; sourceTree = BUILT_PRODUCTS_DIR; };
		2C104D241C4D6BA10097E0AD /* AppDelegate.swift */ = {isa = PBXFileReference; lastKnownFileType = sourcecode.swift; path = AppDelegate.swift; sourceTree = "<group>"; };
		2C104D281C4D6BA10097E0AD /* MatchingGameScene.swift */ = {isa = PBXFileReference; lastKnownFileType = sourcecode.swift; path = MatchingGameScene.swift; sourceTree = "<group>"; };
		2C104D2A1C4D6BA10097E0AD /* MatchingGameViewController.swift */ = {isa = PBXFileReference; lastKnownFileType = sourcecode.swift; path = MatchingGameViewController.swift; sourceTree = "<group>"; };
		2C104D2D1C4D6BA10097E0AD /* Base */ = {isa = PBXFileReference; lastKnownFileType = file.storyboard; name = Base; path = Base.lproj/Main.storyboard; sourceTree = "<group>"; };
		2C104D2F1C4D6BA10097E0AD /* Assets.xcassets */ = {isa = PBXFileReference; lastKnownFileType = folder.assetcatalog; name = Assets.xcassets; path = Resources/Assets.xcassets; sourceTree = "<group>"; };
		2C104D321C4D6BA10097E0AD /* Base */ = {isa = PBXFileReference; lastKnownFileType = file.storyboard; name = Base; path = Base.lproj/LaunchScreen.storyboard; sourceTree = "<group>"; };
		2C104D341C4D6BA10097E0AD /* Info.plist */ = {isa = PBXFileReference; lastKnownFileType = text.plist.xml; path = Info.plist; sourceTree = "<group>"; };
		2C27EDCB1CE672DD00C12B5F /* MenuScene.swift */ = {isa = PBXFileReference; fileEncoding = 4; lastKnownFileType = sourcecode.swift; path = MenuScene.swift; sourceTree = "<group>"; };
		2C401ADB1C6D135100932BC6 /* fail.wav */ = {isa = PBXFileReference; lastKnownFileType = audio.wav; name = fail.wav; path = Resources/Sounds/fail.wav; sourceTree = "<group>"; };
		2C4811DD1C53F458007BD90B /* success.wav */ = {isa = PBXFileReference; lastKnownFileType = audio.wav; name = success.wav; path = Resources/Sounds/success.wav; sourceTree = "<group>"; };
		2C60A5401CB5A86800AE40B4 /* TargetColor.swift */ = {isa = PBXFileReference; fileEncoding = 4; lastKnownFileType = sourcecode.swift; path = TargetColor.swift; sourceTree = "<group>"; };
		2C7806D41CE731440072F8A8 /* Textures.swift */ = {isa = PBXFileReference; fileEncoding = 4; lastKnownFileType = sourcecode.swift; path = Textures.swift; sourceTree = "<group>"; };
		2C7806D61CE73C060072F8A8 /* CGSizeExtentions.swift */ = {isa = PBXFileReference; fileEncoding = 4; lastKnownFileType = sourcecode.swift; path = CGSizeExtentions.swift; sourceTree = "<group>"; };
		2C7806D81CE75A390072F8A8 /* TimeIndicatorNode.swift */ = {isa = PBXFileReference; fileEncoding = 4; lastKnownFileType = sourcecode.swift; path = TimeIndicatorNode.swift; sourceTree = "<group>"; };
		2C9B9F1F1CBC27EF0015DDE4 /* CGPointExtentions.swift */ = {isa = PBXFileReference; fileEncoding = 4; lastKnownFileType = sourcecode.swift; path = CGPointExtentions.swift; sourceTree = "<group>"; };
		2C9B9F221CBC28390015DDE4 /* SKColorExtentions.swift */ = {isa = PBXFileReference; fileEncoding = 4; lastKnownFileType = sourcecode.swift; path = SKColorExtentions.swift; sourceTree = "<group>"; };
		2CA8E6241C5176200001F2DA /* ScoreManager.swift */ = {isa = PBXFileReference; fileEncoding = 4; lastKnownFileType = sourcecode.swift; path = ScoreManager.swift; sourceTree = "<group>"; };
		2CC6D5F71CBD1AD900857F85 /* TargetShapeNode.swift */ = {isa = PBXFileReference; fileEncoding = 4; lastKnownFileType = sourcecode.swift; path = TargetShapeNode.swift; sourceTree = "<group>"; };
		2CC6D5F91CBD24FB00857F85 /* SKShapeNodeExtentions.swift */ = {isa = PBXFileReference; fileEncoding = 4; lastKnownFileType = sourcecode.swift; path = SKShapeNodeExtentions.swift; sourceTree = "<group>"; };
		2CD8EDBD1CB7A4F6005B6492 /* TargetShape.swift */ = {isa = PBXFileReference; fileEncoding = 4; lastKnownFileType = sourcecode.swift; path = TargetShape.swift; sourceTree = "<group>"; };
		2CF9F5131C503596004B01E5 /* GameKit.framework */ = {isa = PBXFileReference; lastKnownFileType = wrapper.framework; name = GameKit.framework; path = System/Library/Frameworks/GameKit.framework; sourceTree = SDKROOT; };
/* End PBXFileReference section */

/* Begin PBXFrameworksBuildPhase section */
		2C104D1E1C4D6BA00097E0AD /* Frameworks */ = {
			isa = PBXFrameworksBuildPhase;
			buildActionMask = 2147483647;
			files = (
				2CF9F5141C503596004B01E5 /* GameKit.framework in Frameworks */,
			);
			runOnlyForDeploymentPostprocessing = 0;
		};
/* End PBXFrameworksBuildPhase section */

/* Begin PBXGroup section */
		2C104D181C4D6BA00097E0AD = {
			isa = PBXGroup;
			children = (
				2CF9F5131C503596004B01E5 /* GameKit.framework */,
				2C104D231C4D6BA10097E0AD /* ReactionMatch */,
				2C104D221C4D6BA00097E0AD /* Products */,
			);
			sourceTree = "<group>";
		};
		2C104D221C4D6BA00097E0AD /* Products */ = {
			isa = PBXGroup;
			children = (
				2C104D211C4D6BA00097E0AD /* Reactions.app */,
			);
			name = Products;
			sourceTree = "<group>";
		};
		2C104D231C4D6BA10097E0AD /* ReactionMatch */ = {
			isa = PBXGroup;
			children = (
				2C104D2A1C4D6BA10097E0AD /* MatchingGameViewController.swift */,
				2C27EDCD1CE6731000C12B5F /* GameScenes */,
				2C9B9F211CBC281E0015DDE4 /* Extentions */,
				2C4811DA1C53F3E4007BD90B /* Resources */,
				2C104D241C4D6BA10097E0AD /* AppDelegate.swift */,
				2CA8E6241C5176200001F2DA /* ScoreManager.swift */,
				2C7806D81CE75A390072F8A8 /* TimeIndicatorNode.swift */,
				2CC6D5F71CBD1AD900857F85 /* TargetShapeNode.swift */,
				2C60A5401CB5A86800AE40B4 /* TargetColor.swift */,
				2CD8EDBD1CB7A4F6005B6492 /* TargetShape.swift */,
				2C7806D41CE731440072F8A8 /* Textures.swift */,
			);
			path = ReactionMatch;
			sourceTree = "<group>";
		};
		2C27EDCD1CE6731000C12B5F /* GameScenes */ = {
			isa = PBXGroup;
			children = (
				2C27EDCB1CE672DD00C12B5F /* MenuScene.swift */,
				2C104D281C4D6BA10097E0AD /* MatchingGameScene.swift */,
			);
			name = GameScenes;
			sourceTree = "<group>";
		};
		2C4811DA1C53F3E4007BD90B /* Resources */ = {
			isa = PBXGroup;
			children = (
				2C4811DB1C53F43E007BD90B /* Sounds */,
				2C104D311C4D6BA10097E0AD /* LaunchScreen.storyboard */,
				2C104D2C1C4D6BA10097E0AD /* Main.storyboard */,
				2C104D2F1C4D6BA10097E0AD /* Assets.xcassets */,
				2C104D341C4D6BA10097E0AD /* Info.plist */,
			);
			name = Resources;
			sourceTree = "<group>";
		};
		2C4811DB1C53F43E007BD90B /* Sounds */ = {
			isa = PBXGroup;
			children = (
				2C401ADB1C6D135100932BC6 /* fail.wav */,
				2C4811DD1C53F458007BD90B /* success.wav */,
			);
			name = Sounds;
			sourceTree = "<group>";
		};
		2C9B9F211CBC281E0015DDE4 /* Extentions */ = {
			isa = PBXGroup;
			children = (
				2C9B9F1F1CBC27EF0015DDE4 /* CGPointExtentions.swift */,
				2C9B9F221CBC28390015DDE4 /* SKColorExtentions.swift */,
				2CC6D5F91CBD24FB00857F85 /* SKShapeNodeExtentions.swift */,
				2C7806D61CE73C060072F8A8 /* CGSizeExtentions.swift */,
			);
			name = Extentions;
			sourceTree = "<group>";
		};
/* End PBXGroup section */

/* Begin PBXNativeTarget section */
		2C104D201C4D6BA00097E0AD /* Reactions */ = {
			isa = PBXNativeTarget;
			buildConfigurationList = 2C104D371C4D6BA10097E0AD /* Build configuration list for PBXNativeTarget "Reactions" */;
			buildPhases = (
				2C104D1D1C4D6BA00097E0AD /* Sources */,
				2C104D1E1C4D6BA00097E0AD /* Frameworks */,
				2C104D1F1C4D6BA00097E0AD /* Resources */,
			);
			buildRules = (
			);
			dependencies = (
			);
			name = Reactions;
			productName = MatchingGame;
			productReference = 2C104D211C4D6BA00097E0AD /* Reactions.app */;
			productType = "com.apple.product-type.application";
		};
/* End PBXNativeTarget section */

/* Begin PBXProject section */
		2C104D191C4D6BA00097E0AD /* Project object */ = {
			isa = PBXProject;
			attributes = {
				LastSwiftUpdateCheck = 0720;
				LastUpgradeCheck = 0720;
				ORGANIZATIONNAME = "Eddie Lee";
				TargetAttributes = {
					2C104D201C4D6BA00097E0AD = {
						CreatedOnToolsVersion = 7.2;
						DevelopmentTeam = AKQ68EUQCY;
						SystemCapabilities = {
							com.apple.GameCenter = {
								enabled = 1;
							};
						};
					};
				};
			};
			buildConfigurationList = 2C104D1C1C4D6BA00097E0AD /* Build configuration list for PBXProject "ReactionMatch" */;
			compatibilityVersion = "Xcode 3.2";
			developmentRegion = English;
			hasScannedForEncodings = 0;
			knownRegions = (
				en,
				Base,
			);
			mainGroup = 2C104D181C4D6BA00097E0AD;
			productRefGroup = 2C104D221C4D6BA00097E0AD /* Products */;
			projectDirPath = "";
			projectRoot = "";
			targets = (
				2C104D201C4D6BA00097E0AD /* Reactions */,
			);
		};
/* End PBXProject section */

/* Begin PBXResourcesBuildPhase section */
		2C104D1F1C4D6BA00097E0AD /* Resources */ = {
			isa = PBXResourcesBuildPhase;
			buildActionMask = 2147483647;
			files = (
				2C4811DF1C53F458007BD90B /* success.wav in Resources */,
				2C401ADC1C6D135100932BC6 /* fail.wav in Resources */,
				2C104D331C4D6BA10097E0AD /* LaunchScreen.storyboard in Resources */,
				2C104D301C4D6BA10097E0AD /* Assets.xcassets in Resources */,
				2C104D2E1C4D6BA10097E0AD /* Main.storyboard in Resources */,
			);
			runOnlyForDeploymentPostprocessing = 0;
		};
/* End PBXResourcesBuildPhase section */

/* Begin PBXSourcesBuildPhase section */
		2C104D1D1C4D6BA00097E0AD /* Sources */ = {
			isa = PBXSourcesBuildPhase;
			buildActionMask = 2147483647;
			files = (
				2CA8E6251C5176200001F2DA /* ScoreManager.swift in Sources */,
				2C9B9F201CBC27EF0015DDE4 /* CGPointExtentions.swift in Sources */,
				2C104D291C4D6BA10097E0AD /* MatchingGameScene.swift in Sources */,
				2CD8EDBE1CB7A4F6005B6492 /* TargetShape.swift in Sources */,
				2CC6D5F81CBD1AD900857F85 /* TargetShapeNode.swift in Sources */,
				2C7806D71CE73C060072F8A8 /* CGSizeExtentions.swift in Sources */,
				2C7806D91CE75A390072F8A8 /* TimeIndicatorNode.swift in Sources */,
				2C9B9F231CBC28390015DDE4 /* SKColorExtentions.swift in Sources */,
				2C104D2B1C4D6BA10097E0AD /* MatchingGameViewController.swift in Sources */,
				2CC6D5FA1CBD24FB00857F85 /* SKShapeNodeExtentions.swift in Sources */,
				2C60A5411CB5A86800AE40B4 /* TargetColor.swift in Sources */,
				2C7806D51CE731440072F8A8 /* Textures.swift in Sources */,
				2C27EDCC1CE672DD00C12B5F /* MenuScene.swift in Sources */,
				2C104D251C4D6BA10097E0AD /* AppDelegate.swift in Sources */,
			);
			runOnlyForDeploymentPostprocessing = 0;
		};
/* End PBXSourcesBuildPhase section */

/* Begin PBXVariantGroup section */
		2C104D2C1C4D6BA10097E0AD /* Main.storyboard */ = {
			isa = PBXVariantGroup;
			children = (
				2C104D2D1C4D6BA10097E0AD /* Base */,
			);
			name = Main.storyboard;
			sourceTree = "<group>";
		};
		2C104D311C4D6BA10097E0AD /* LaunchScreen.storyboard */ = {
			isa = PBXVariantGroup;
			children = (
				2C104D321C4D6BA10097E0AD /* Base */,
			);
			name = LaunchScreen.storyboard;
			sourceTree = "<group>";
		};
/* End PBXVariantGroup section */

/* Begin XCBuildConfiguration section */
		2C104D351C4D6BA10097E0AD /* Debug */ = {
			isa = XCBuildConfiguration;
			buildSettings = {
				ALWAYS_SEARCH_USER_PATHS = NO;
				CLANG_CXX_LANGUAGE_STANDARD = "gnu++0x";
				CLANG_CXX_LIBRARY = "libc++";
				CLANG_ENABLE_MODULES = YES;
				CLANG_ENABLE_OBJC_ARC = YES;
				CLANG_WARN_BOOL_CONVERSION = YES;
				CLANG_WARN_CONSTANT_CONVERSION = YES;
				CLANG_WARN_DIRECT_OBJC_ISA_USAGE = YES_ERROR;
				CLANG_WARN_EMPTY_BODY = YES;
				CLANG_WARN_ENUM_CONVERSION = YES;
				CLANG_WARN_INT_CONVERSION = YES;
				CLANG_WARN_OBJC_ROOT_CLASS = YES_ERROR;
				CLANG_WARN_UNREACHABLE_CODE = YES;
				CLANG_WARN__DUPLICATE_METHOD_MATCH = YES;
				"CODE_SIGN_IDENTITY[sdk=iphoneos*]" = "iPhone Developer";
				COPY_PHASE_STRIP = NO;
				DEBUG_INFORMATION_FORMAT = "dwarf-with-dsym";
				ENABLE_STRICT_OBJC_MSGSEND = YES;
				ENABLE_TESTABILITY = YES;
				GCC_C_LANGUAGE_STANDARD = gnu99;
				GCC_DYNAMIC_NO_PIC = NO;
				GCC_NO_COMMON_BLOCKS = YES;
				GCC_OPTIMIZATION_LEVEL = 0;
				GCC_PREPROCESSOR_DEFINITIONS = (
					"DEBUG=1",
					"$(inherited)",
				);
				GCC_WARN_64_TO_32_BIT_CONVERSION = YES;
				GCC_WARN_ABOUT_RETURN_TYPE = YES_ERROR;
				GCC_WARN_UNDECLARED_SELECTOR = YES;
				GCC_WARN_UNINITIALIZED_AUTOS = YES_AGGRESSIVE;
				GCC_WARN_UNUSED_FUNCTION = YES;
				GCC_WARN_UNUSED_VARIABLE = YES;
				IPHONEOS_DEPLOYMENT_TARGET = 9.2;
				MTL_ENABLE_DEBUG_INFO = YES;
				ONLY_ACTIVE_ARCH = YES;
				SDKROOT = iphoneos;
				SWIFT_OPTIMIZATION_LEVEL = "-Onone";
				TARGETED_DEVICE_FAMILY = "1,2";
			};
			name = Debug;
		};
		2C104D361C4D6BA10097E0AD /* Release */ = {
			isa = XCBuildConfiguration;
			buildSettings = {
				ALWAYS_SEARCH_USER_PATHS = NO;
				CLANG_CXX_LANGUAGE_STANDARD = "gnu++0x";
				CLANG_CXX_LIBRARY = "libc++";
				CLANG_ENABLE_MODULES = YES;
				CLANG_ENABLE_OBJC_ARC = YES;
				CLANG_WARN_BOOL_CONVERSION = YES;
				CLANG_WARN_CONSTANT_CONVERSION = YES;
				CLANG_WARN_DIRECT_OBJC_ISA_USAGE = YES_ERROR;
				CLANG_WARN_EMPTY_BODY = YES;
				CLANG_WARN_ENUM_CONVERSION = YES;
				CLANG_WARN_INT_CONVERSION = YES;
				CLANG_WARN_OBJC_ROOT_CLASS = YES_ERROR;
				CLANG_WARN_UNREACHABLE_CODE = YES;
				CLANG_WARN__DUPLICATE_METHOD_MATCH = YES;
				"CODE_SIGN_IDENTITY[sdk=iphoneos*]" = "iPhone Developer";
				COPY_PHASE_STRIP = NO;
				DEBUG_INFORMATION_FORMAT = "dwarf-with-dsym";
				ENABLE_NS_ASSERTIONS = NO;
				ENABLE_STRICT_OBJC_MSGSEND = YES;
				GCC_C_LANGUAGE_STANDARD = gnu99;
				GCC_NO_COMMON_BLOCKS = YES;
				GCC_WARN_64_TO_32_BIT_CONVERSION = YES;
				GCC_WARN_ABOUT_RETURN_TYPE = YES_ERROR;
				GCC_WARN_UNDECLARED_SELECTOR = YES;
				GCC_WARN_UNINITIALIZED_AUTOS = YES_AGGRESSIVE;
				GCC_WARN_UNUSED_FUNCTION = YES;
				GCC_WARN_UNUSED_VARIABLE = YES;
				IPHONEOS_DEPLOYMENT_TARGET = 9.2;
				MTL_ENABLE_DEBUG_INFO = NO;
				SDKROOT = iphoneos;
				TARGETED_DEVICE_FAMILY = "1,2";
				VALIDATE_PRODUCT = YES;
			};
			name = Release;
		};
		2C104D381C4D6BA10097E0AD /* Debug */ = {
			isa = XCBuildConfiguration;
			buildSettings = {
				ASSETCATALOG_COMPILER_APPICON_NAME = AppIcon;
				CODE_SIGN_IDENTITY = "iPhone Developer";
				"CODE_SIGN_IDENTITY[sdk=iphoneos*]" = "iPhone Developer";
				INFOPLIST_FILE = ReactionMatch/Info.plist;
				LD_RUNPATH_SEARCH_PATHS = "$(inherited) @executable_path/Frameworks";
				PRODUCT_BUNDLE_IDENTIFIER = me.eddielee.ReactionMatch;
				PRODUCT_NAME = "$(TARGET_NAME)";
				PROVISIONING_PROFILE = "";
			};
			name = Debug;
		};
		2C104D391C4D6BA10097E0AD /* Release */ = {
			isa = XCBuildConfiguration;
			buildSettings = {
				ASSETCATALOG_COMPILER_APPICON_NAME = AppIcon;
				CODE_SIGN_IDENTITY = "iPhone Developer";
				"CODE_SIGN_IDENTITY[sdk=iphoneos*]" = "iPhone Developer";
				INFOPLIST_FILE = ReactionMatch/Info.plist;
				LD_RUNPATH_SEARCH_PATHS = "$(inherited) @executable_path/Frameworks";
				PRODUCT_BUNDLE_IDENTIFIER = me.eddielee.ReactionMatch;
				PRODUCT_NAME = "$(TARGET_NAME)";
				PROVISIONING_PROFILE = "";
			};
			name = Release;
		};
/* End XCBuildConfiguration section */

/* Begin XCConfigurationList section */
		2C104D1C1C4D6BA00097E0AD /* Build configuration list for PBXProject "ReactionMatch" */ = {
			isa = XCConfigurationList;
			buildConfigurations = (
				2C104D351C4D6BA10097E0AD /* Debug */,
				2C104D361C4D6BA10097E0AD /* Release */,
			);
			defaultConfigurationIsVisible = 0;
			defaultConfigurationName = Release;
		};
		2C104D371C4D6BA10097E0AD /* Build configuration list for PBXNativeTarget "Reactions" */ = {
			isa = XCConfigurationList;
			buildConfigurations = (
				2C104D381C4D6BA10097E0AD /* Debug */,
				2C104D391C4D6BA10097E0AD /* Release */,
			);
			defaultConfigurationIsVisible = 0;
			defaultConfigurationName = Release;
		};
/* End XCConfigurationList section */
	};
	rootObject = 2C104D191C4D6BA00097E0AD /* Project object */;
}
